{
  "name": "filepond-extension-pintura",
  "version": "1.0.0",
  "lockfileVersion": 3,
  "requires": true,
  "packages": {
    "": {
      "name": "filepond-extension-pintura",
      "version": "1.0.0",
      "license": "ISC",
      "dependencies": {
        "@pqina/pintura": "^8.97.1",
        "filepond": "^5.0.0-beta.39"
      }
    },
    "node_modules/@pqina/pintura": {
      "version": "8.97.1",
      "resolved": "https://registry.npmjs.org/@pqina/pintura/-/pintura-8.97.1.tgz",
      "integrity": "sha512-wVozTTQawKcBvrw6VwHW3HZsrpQtio4vP53Hf7OU+M765nY+FuIGSJaRx4zuRtrvyyMeuw3M7x4CK6F10kiwPg==",
      "license": "https://pqina.nl/pintura/license"
    },
    "node_modules/filepond": {
      "version": "5.0.0-beta.39",
      "resolved": "https://registry.npmjs.org/filepond/-/filepond-5.0.0-beta.39.tgz",
      "integrity": "sha512-68gur9AJWPLt1LzlA8QDfL9N9qiLHJHVElteNRxGlSjpwkFSr52U/HU09KEgeZZug1gQNbTMHXs5ikfV3hi5gA==",
      "license": "MIT",
      "funding": {
        "url": "https://filepond.com/funding"
      }
    }
  }
}
